<?xml version="1.0" encoding="utf-8"?>
<Project ToolsVersion="4.0" xmlns="http://schemas.microsoft.com/developer/msbuild/2003">
  <ItemGroup>
    <Filter Include="Source Files">
      <UniqueIdentifier>{4FC737F1-C7A5-4376-A066-2A32D752A2FF}</UniqueIdentifier>
      <Extensions>cpp;c;cc;cxx;def;odl;idl;hpj;bat;asm;asmx</Extensions>
    </Filter>
    <Filter Include="Header Files">
      <UniqueIdentifier>{93995380-89BD-4b04-88EB-625FBE52EBFB}</UniqueIdentifier>
      <Extensions>h;hh;hpp;hxx;hm;inl;inc;ipp;xsd</Extensions>
    </Filter>
    <Filter Include="Resource Files">
      <UniqueIdentifier>{67DA6AB6-F800-4c08-8B7A-83BB121AAD01}</UniqueIdentifier>
      <Extensions>rc;ico;cur;bmp;dlg;rc2;rct;bin;rgs;gif;jpg;jpeg;jpe;resx;tiff;tif;png;wav;mfcribbon-ms</Extensions>
    </Filter>
    <Filter Include="Header Files\Scenes">
      <UniqueIdentifier>{86a00dd0-b3ad-492a-8d1b-0ea24c2c5cc4}</UniqueIdentifier>
    </Filter>
    <Filter Include="Source Files\Scenes">
      <UniqueIdentifier>{fccdfda5-ab50-4bdc-8456-1767cbefd117}</UniqueIdentifier>
    </Filter>
    <Filter Include="Header Files\Scene Nodes">
      <UniqueIdentifier>{75239a7a-cae9-461f-ac76-078dd842002f}</UniqueIdentifier>
    </Filter>
    <Filter Include="Source Files\Scene Nodes">
      <UniqueIdentifier>{1156eb10-d870-4824-b772-8069fba21e0c}</UniqueIdentifier>
    </Filter>
    <Filter Include="Header Files\Character Control">
      <UniqueIdentifier>{1ae89b6f-7565-4c44-bf07-01d38dee241c}</UniqueIdentifier>
    </Filter>
    <Filter Include="Source Files\Character Control">
      <UniqueIdentifier>{fbd7df2a-3434-48f9-abe3-e5050e9def97}</UniqueIdentifier>
    </Filter>
  </ItemGroup>
  <ItemGroup>
    <ClCompile Include="BattleScene.cpp">
      <Filter>Source Files\Scenes</Filter>
    </ClCompile>
    <ClCompile Include="MainMenuScene.cpp">
      <Filter>Source Files\Scenes</Filter>
    </ClCompile>
    <ClCompile Include="SceneNode.cpp">
      <Filter>Source Files</Filter>
    </ClCompile>
    <ClCompile Include="Animation.cpp">
      <Filter>Source Files</Filter>
    </ClCompile>
    <ClCompile Include="SpriteNode.cpp">
      <Filter>Source Files\Scene Nodes</Filter>
    </ClCompile>
    <ClCompile Include="TextNode.cpp">
      <Filter>Source Files\Scene Nodes</Filter>
    </ClCompile>
    <ClCompile Include="AnimatedSpriteNode.cpp">
      <Filter>Source Files\Scene Nodes</Filter>
    </ClCompile>
    <ClCompile Include="CameraNode.cpp">
      <Filter>Source Files\Scene Nodes</Filter>
    </ClCompile>
    <ClCompile Include="ResourceLoader.cpp">
      <Filter>Source Files</Filter>
    </ClCompile>
    <ClCompile Include="EmptySceneNode.cpp">
      <Filter>Source Files\Scene Nodes</Filter>
    </ClCompile>
    <ClCompile Include="GameObjectNode.cpp">
      <Filter>Source Files\Scene Nodes</Filter>
    </ClCompile>
    <ClCompile Include="FpsDisplay.cpp">
      <Filter>Source Files</Filter>
    </ClCompile>
    <ClCompile Include="GameMetricsTracker.cpp">
      <Filter>Source Files</Filter>
    </ClCompile>
    <ClCompile Include="ClientMain.cpp">
      <Filter>Source Files</Filter>
    </ClCompile>
    <ClCompile Include="GameClient.cpp">
      <Filter>Source Files</Filter>
    </ClCompile>
    <ClCompile Include="GameServerConnection.cpp">
      <Filter>Source Files</Filter>
    </ClCompile>
    <ClCompile Include="WizardNode.cpp">
      <Filter>Source Files\Scene Nodes</Filter>
    </ClCompile>
    <ClCompile Include="StationaryWizardController.cpp">
      <Filter>Source Files\Character Control</Filter>
    </ClCompile>
    <ClCompile Include="LocallyControlledWizardController.cpp">
      <Filter>Source Files\Character Control</Filter>
    </ClCompile>
    <ClCompile Include="AuthoritativeGameUpdate.cpp">
      <Filter>Source Files</Filter>
    </ClCompile>
  </ItemGroup>
  <ItemGroup>
    <ClInclude Include="GameScene.h">
      <Filter>Header Files</Filter>
    </ClInclude>
    <ClInclude Include="GameSceneDirector.h">
      <Filter>Header Files</Filter>
    </ClInclude>
    <ClInclude Include="MainMenuScene.h">
      <Filter>Header Files\Scenes</Filter>
    </ClInclude>
    <ClInclude Include="BattleScene.h">
      <Filter>Header Files\Scenes</Filter>
    </ClInclude>
    <ClInclude Include="SceneNode.h">
      <Filter>Header Files</Filter>
    </ClInclude>
    <ClInclude Include="Animation.h">
      <Filter>Header Files</Filter>
    </ClInclude>
    <ClInclude Include="SpriteNode.h">
      <Filter>Header Files\Scene Nodes</Filter>
    </ClInclude>
    <ClInclude Include="TextNode.h">
      <Filter>Header Files\Scene Nodes</Filter>
    </ClInclude>
    <ClInclude Include="AnimatedSpriteNode.h">
      <Filter>Header Files\Scene Nodes</Filter>
    </ClInclude>
    <ClInclude Include="CameraNode.h">
      <Filter>Header Files\Scene Nodes</Filter>
    </ClInclude>
    <ClInclude Include="ResourceLoader.h">
      <Filter>Header Files</Filter>
    </ClInclude>
    <ClInclude Include="EmptySceneNode.h">
      <Filter>Header Files\Scene Nodes</Filter>
    </ClInclude>
    <ClInclude Include="GameObjectNode.h">
      <Filter>Header Files\Scene Nodes</Filter>
    </ClInclude>
    <ClInclude Include="FpsDisplay.h">
      <Filter>Header Files</Filter>
    </ClInclude>
    <ClInclude Include="GameMetricsTracker.h">
      <Filter>Header Files</Filter>
    </ClInclude>
    <ClInclude Include="GameClient.h">
      <Filter>Header Files</Filter>
    </ClInclude>
    <ClInclude Include="GameServerConnection.h">
      <Filter>Header Files</Filter>
    </ClInclude>
    <ClInclude Include="WizardNode.h">
      <Filter>Header Files\Scene Nodes</Filter>
    </ClInclude>
    <ClInclude Include="WizardController.h">
      <Filter>Header Files\Character Control</Filter>
    </ClInclude>
    <ClInclude Include="StationaryWizardController.h">
      <Filter>Header Files\Character Control</Filter>
    </ClInclude>
    <ClInclude Include="LocallyControlledWizardController.h">
      <Filter>Header Files\Character Control</Filter>
    </ClInclude>
    <ClInclude Include="AuthoritativeGameUpdate.h">
      <Filter>Header Files</Filter>
    </ClInclude>
  </ItemGroup>
  <ItemGroup>
    <ResourceCompile Include="client.rc">
      <Filter>Resource Files</Filter>
    </ResourceCompile>
  </ItemGroup>
</Project>